
Microsoft Visual Studio Solution File, Format Version 12.00
# Visual Studio Version 17
VisualStudioVersion = 17.0.31912.275
MinimumVisualStudioVersion = 10.0.40219.1
Project("{2150E333-8FDC-42A3-9474-1A3956D46DE8}") = "framework", "framework", "{DD51C453-21A0-4639-9163-4EBF895F4546}"
EndProject
Project("{2150E333-8FDC-42A3-9474-1A3956D46DE8}") = "tests", "tests", "{8E61693E-3165-470C-99F4-E0A9BAB8BCC3}"
	ProjectSection(SolutionItems) = preProject
		src\tests\Directory.Build.props = src\tests\Directory.Build.props
	EndProjectSection
EndProject
Project("{2150E333-8FDC-42A3-9474-1A3956D46DE8}") = "Solution Items", "Solution Items", "{6C2561F5-8BCF-41B9-9923-533B51711753}"
	ProjectSection(SolutionItems) = preProject
		.editorconfig = .editorconfig
		Directory.Build.props = Directory.Build.props
		src\tests\runsettings.xml = src\tests\runsettings.xml
	EndProjectSection
EndProject
Project("{9A19103F-16F7-4668-BE54-9A1E7A4F7556}") = "MiCake.MessageBus.Tests", "src\tests\MiCake.MessageBus.Tests\MiCake.MessageBus.Tests.csproj", "{CD97C20E-6EB8-4E6C-B3D5-9BBFED59AD47}"
EndProject
Project("{9A19103F-16F7-4668-BE54-9A1E7A4F7556}") = "MiCake.DDD.CQS.Tests", "src\tests\MiCake.DDD.CQS.Tests\MiCake.DDD.CQS.Tests.csproj", "{630B4F17-868B-490E-BA0E-3FAC90393521}"
EndProject
Project("{9A19103F-16F7-4668-BE54-9A1E7A4F7556}") = "MiCake.SqlReader.Tests", "src\tests\MiCake.SqlReader.Tests\MiCake.SqlReader.Tests.csproj", "{A1359E53-B879-4316-ACB0-F1A0F68C80D3}"
EndProject
Project("{9A19103F-16F7-4668-BE54-9A1E7A4F7556}") = "MiCake.AutoMapper", "src\core\MiCake.AutoMapper\MiCake.AutoMapper.csproj", "{2692EB9A-936F-4CAA-BFFD-6F0593885E07}"
EndProject
Project("{9A19103F-16F7-4668-BE54-9A1E7A4F7556}") = "MiCake.Dapper", "src\core\MiCake.Dapper\MiCake.Dapper.csproj", "{F52717B5-996F-4722-B248-E51E342F7F83}"
EndProject
Project("{9A19103F-16F7-4668-BE54-9A1E7A4F7556}") = "MiCake.DDD.CQS", "src\core\MiCake.DDD.CQS\MiCake.DDD.CQS.csproj", "{F7CCC12A-771A-4C74-9397-CB20E84CF17C}"
EndProject
Project("{9A19103F-16F7-4668-BE54-9A1E7A4F7556}") = "MiCake.Identity.Authentication.JwtToken", "src\core\MiCake.Identity.Authentication.JwtToken\MiCake.Identity.Authentication.JwtToken.csproj", "{BA77A01B-CB87-49C1-988F-6A7A6D1F89A2}"
EndProject
Project("{9A19103F-16F7-4668-BE54-9A1E7A4F7556}") = "MiCake.MessageBus", "src\core\MiCake.MessageBus\MiCake.MessageBus.csproj", "{80FC0E40-C1F3-4643-A14D-343A8BF2DA66}"
EndProject
Project("{9A19103F-16F7-4668-BE54-9A1E7A4F7556}") = "MiCake.SqlReader", "src\core\MiCake.SQLReader\MiCake.SqlReader.csproj", "{3AA23E35-512C-473B-86E0-3527B1F3614E}"
EndProject
Project("{FAE04EC0-301F-11D3-BF4B-00C04F79EFBC}") = "MiCake.Identity.Authentication.JwtToken.Tests", "src\tests\MiCake.Identity.Authentication.JwtToken.Tests\MiCake.Identity.Authentication.JwtToken.Tests.csproj", "{DADE75A0-E9AD-45B3-983E-6F6F2155662F}"
EndProject
Global
	GlobalSection(SolutionConfigurationPlatforms) = preSolution
		Debug|Any CPU = Debug|Any CPU
		Release|Any CPU = Release|Any CPU
	EndGlobalSection
	GlobalSection(ProjectConfigurationPlatforms) = postSolution
		{CD97C20E-6EB8-4E6C-B3D5-9BBFED59AD47}.Debug|Any CPU.ActiveCfg = Debug|Any CPU
		{CD97C20E-6EB8-4E6C-B3D5-9BBFED59AD47}.Debug|Any CPU.Build.0 = Debug|Any CPU
		{CD97C20E-6EB8-4E6C-B3D5-9BBFED59AD47}.Release|Any CPU.ActiveCfg = Release|Any CPU
		{CD97C20E-6EB8-4E6C-B3D5-9BBFED59AD47}.Release|Any CPU.Build.0 = Release|Any CPU
		{630B4F17-868B-490E-BA0E-3FAC90393521}.Debug|Any CPU.ActiveCfg = Debug|Any CPU
		{630B4F17-868B-490E-BA0E-3FAC90393521}.Debug|Any CPU.Build.0 = Debug|Any CPU
		{630B4F17-868B-490E-BA0E-3FAC90393521}.Release|Any CPU.ActiveCfg = Release|Any CPU
		{630B4F17-868B-490E-BA0E-3FAC90393521}.Release|Any CPU.Build.0 = Release|Any CPU
		{A1359E53-B879-4316-ACB0-F1A0F68C80D3}.Debug|Any CPU.ActiveCfg = Debug|Any CPU
		{A1359E53-B879-4316-ACB0-F1A0F68C80D3}.Debug|Any CPU.Build.0 = Debug|Any CPU
		{A1359E53-B879-4316-ACB0-F1A0F68C80D3}.Release|Any CPU.ActiveCfg = Release|Any CPU
		{A1359E53-B879-4316-ACB0-F1A0F68C80D3}.Release|Any CPU.Build.0 = Release|Any CPU
		{2692EB9A-936F-4CAA-BFFD-6F0593885E07}.Debug|Any CPU.ActiveCfg = Debug|Any CPU
		{2692EB9A-936F-4CAA-BFFD-6F0593885E07}.Debug|Any CPU.Build.0 = Debug|Any CPU
		{2692EB9A-936F-4CAA-BFFD-6F0593885E07}.Release|Any CPU.ActiveCfg = Release|Any CPU
		{2692EB9A-936F-4CAA-BFFD-6F0593885E07}.Release|Any CPU.Build.0 = Release|Any CPU
		{F52717B5-996F-4722-B248-E51E342F7F83}.Debug|Any CPU.ActiveCfg = Debug|Any CPU
		{F52717B5-996F-4722-B248-E51E342F7F83}.Debug|Any CPU.Build.0 = Debug|Any CPU
		{F52717B5-996F-4722-B248-E51E342F7F83}.Release|Any CPU.ActiveCfg = Release|Any CPU
		{F52717B5-996F-4722-B248-E51E342F7F83}.Release|Any CPU.Build.0 = Release|Any CPU
		{F7CCC12A-771A-4C74-9397-CB20E84CF17C}.Debug|Any CPU.ActiveCfg = Debug|Any CPU
		{F7CCC12A-771A-4C74-9397-CB20E84CF17C}.Debug|Any CPU.Build.0 = Debug|Any CPU
		{F7CCC12A-771A-4C74-9397-CB20E84CF17C}.Release|Any CPU.ActiveCfg = Release|Any CPU
		{F7CCC12A-771A-4C74-9397-CB20E84CF17C}.Release|Any CPU.Build.0 = Release|Any CPU
		{BA77A01B-CB87-49C1-988F-6A7A6D1F89A2}.Debug|Any CPU.ActiveCfg = Debug|Any CPU
		{BA77A01B-CB87-49C1-988F-6A7A6D1F89A2}.Debug|Any CPU.Build.0 = Debug|Any CPU
		{BA77A01B-CB87-49C1-988F-6A7A6D1F89A2}.Release|Any CPU.ActiveCfg = Release|Any CPU
		{BA77A01B-CB87-49C1-988F-6A7A6D1F89A2}.Release|Any CPU.Build.0 = Release|Any CPU
		{80FC0E40-C1F3-4643-A14D-343A8BF2DA66}.Debug|Any CPU.ActiveCfg = Debug|Any CPU
		{80FC0E40-C1F3-4643-A14D-343A8BF2DA66}.Debug|Any CPU.Build.0 = Debug|Any CPU
		{80FC0E40-C1F3-4643-A14D-343A8BF2DA66}.Release|Any CPU.ActiveCfg = Release|Any CPU
		{80FC0E40-C1F3-4643-A14D-343A8BF2DA66}.Release|Any CPU.Build.0 = Release|Any CPU
		{3AA23E35-512C-473B-86E0-3527B1F3614E}.Debug|Any CPU.ActiveCfg = Debug|Any CPU
		{3AA23E35-512C-473B-86E0-3527B1F3614E}.Debug|Any CPU.Build.0 = Debug|Any CPU
		{3AA23E35-512C-473B-86E0-3527B1F3614E}.Release|Any CPU.ActiveCfg = Release|Any CPU
		{3AA23E35-512C-473B-86E0-3527B1F3614E}.Release|Any CPU.Build.0 = Release|Any CPU
		{DADE75A0-E9AD-45B3-983E-6F6F2155662F}.Debug|Any CPU.ActiveCfg = Debug|Any CPU
		{DADE75A0-E9AD-45B3-983E-6F6F2155662F}.Debug|Any CPU.Build.0 = Debug|Any CPU
		{DADE75A0-E9AD-45B3-983E-6F6F2155662F}.Release|Any CPU.ActiveCfg = Release|Any CPU
		{DADE75A0-E9AD-45B3-983E-6F6F2155662F}.Release|Any CPU.Build.0 = Release|Any CPU
	EndGlobalSection
	GlobalSection(SolutionProperties) = preSolution
		HideSolutionNode = FALSE
	EndGlobalSection
	GlobalSection(NestedProjects) = preSolution
		{CD97C20E-6EB8-4E6C-B3D5-9BBFED59AD47} = {8E61693E-3165-470C-99F4-E0A9BAB8BCC3}
		{630B4F17-868B-490E-BA0E-3FAC90393521} = {8E61693E-3165-470C-99F4-E0A9BAB8BCC3}
		{A1359E53-B879-4316-ACB0-F1A0F68C80D3} = {8E61693E-3165-470C-99F4-E0A9BAB8BCC3}
		{2692EB9A-936F-4CAA-BFFD-6F0593885E07} = {DD51C453-21A0-4639-9163-4EBF895F4546}
		{F52717B5-996F-4722-B248-E51E342F7F83} = {DD51C453-21A0-4639-9163-4EBF895F4546}
		{F7CCC12A-771A-4C74-9397-CB20E84CF17C} = {DD51C453-21A0-4639-9163-4EBF895F4546}
		{BA77A01B-CB87-49C1-988F-6A7A6D1F89A2} = {DD51C453-21A0-4639-9163-4EBF895F4546}
		{80FC0E40-C1F3-4643-A14D-343A8BF2DA66} = {DD51C453-21A0-4639-9163-4EBF895F4546}
		{3AA23E35-512C-473B-86E0-3527B1F3614E} = {DD51C453-21A0-4639-9163-4EBF895F4546}
		{DADE75A0-E9AD-45B3-983E-6F6F2155662F} = {8E61693E-3165-470C-99F4-E0A9BAB8BCC3}
	EndGlobalSection
	GlobalSection(ExtensibilityGlobals) = postSolution
		SolutionGuid = {C31E5600-E4DC-4009-A5F6-E5250C8085F4}
	EndGlobalSection
EndGlobal
